Microsoft Visual Studio Solution File, Format Version 11.00
# Visual Studio 2008

Project("{0D2C113D-3F6B-1F42-15AF-F24D5A2B25F8}") = "MainUI", "Assembly-CSharp-vs.csproj", "{B01B6AA0-C7EC-B470-218E-CD7F04721385}"
EndProject
Project("{0D2C113D-3F6B-1F42-15AF-F24D5A2B25F8}") = "MainUI", "Assembly-CSharp-Editor-vs.csproj", "{FB7C584E-9AEB-0B02-668D-D0228D3749BB}"
EndProject
Global
	GlobalSection(SolutionConfigurationPlatforms) = preSolution
		Debug|Any CPU = Debug|Any CPU
		Release|Any CPU = Release|Any CPU
	EndGlobalSection
	GlobalSection(ProjectConfigurationPlatforms) = postSolution
		{B01B6AA0-C7EC-B470-218E-CD7F04721385}.Debug|Any CPU.ActiveCfg = Debug|Any CPU
		{B01B6AA0-C7EC-B470-218E-CD7F04721385}.Debug|Any CPU.Build.0 = Debug|Any CPU
		{B01B6AA0-C7EC-B470-218E-CD7F04721385}.Release|Any CPU.ActiveCfg = Release|Any CPU
		{B01B6AA0-C7EC-B470-218E-CD7F04721385}.Release|Any CPU.Build.0 = Release|Any CPU
		{FB7C584E-9AEB-0B02-668D-D0228D3749BB}.Debug|Any CPU.ActiveCfg = Debug|Any CPU
		{FB7C584E-9AEB-0B02-668D-D0228D3749BB}.Debug|Any CPU.Build.0 = Debug|Any CPU
		{FB7C584E-9AEB-0B02-668D-D0228D3749BB}.Release|Any CPU.ActiveCfg = Release|Any CPU
		{FB7C584E-9AEB-0B02-668D-D0228D3749BB}.Release|Any CPU.Build.0 = Release|Any CPU
	EndGlobalSection
	GlobalSection(SolutionProperties) = preSolution
		HideSolutionNode = FALSE
	EndGlobalSection
<<<<<<< HEAD
																																		GlobalSection(MonoDevelopProperties) = preSolution
=======
		GlobalSection(MonoDevelopProperties) = preSolution
>>>>>>> origin/master
		StartupItem = Assembly-CSharp.csproj
		Policies = $0
		$0.TextStylePolicy = $1
		$1.inheritsSet = null
		$1.scope = text/x-csharp
		$0.CSharpFormattingPolicy = $2
		$2.inheritsSet = Mono
		$2.inheritsScope = text/x-csharp
		$2.scope = text/x-csharp
		$0.TextStylePolicy = $3
		$3.FileWidth = 120
		$3.TabWidth = 4
		$3.EolMarker = Unix
		$3.inheritsSet = Mono
		$3.inheritsScope = text/plain
		$3.scope = text/plain
	EndGlobalSection

EndGlobal
