Microsoft Visual Studio Solution File, Format Version 11.00
# Visual Studio 2008

Project("{8DBF1029-69C5-72DE-3F27-6CE6A991FE2A}") = "StreetViewer", "Assembly-CSharp.csproj", "{CEA6978D-B552-55B8-7D96-12AD9D0086DC}"
EndProject
Project("{8DBF1029-69C5-72DE-3F27-6CE6A991FE2A}") = "StreetViewer", "Assembly-CSharp-Editor.csproj", "{B7321E6F-6842-808A-3BD6-96D39A18422F}"
EndProject
Global
	GlobalSection(SolutionConfigurationPlatforms) = preSolution
		Debug|Any CPU = Debug|Any CPU
		Release|Any CPU = Release|Any CPU
	EndGlobalSection
	GlobalSection(ProjectConfigurationPlatforms) = postSolution
		{CEA6978D-B552-55B8-7D96-12AD9D0086DC}.Debug|Any CPU.ActiveCfg = Debug|Any CPU
		{CEA6978D-B552-55B8-7D96-12AD9D0086DC}.Debug|Any CPU.Build.0 = Debug|Any CPU
		{CEA6978D-B552-55B8-7D96-12AD9D0086DC}.Release|Any CPU.ActiveCfg = Release|Any CPU
		{CEA6978D-B552-55B8-7D96-12AD9D0086DC}.Release|Any CPU.Build.0 = Release|Any CPU
		{B7321E6F-6842-808A-3BD6-96D39A18422F}.Debug|Any CPU.ActiveCfg = Debug|Any CPU
		{B7321E6F-6842-808A-3BD6-96D39A18422F}.Debug|Any CPU.Build.0 = Debug|Any CPU
		{B7321E6F-6842-808A-3BD6-96D39A18422F}.Release|Any CPU.ActiveCfg = Release|Any CPU
		{B7321E6F-6842-808A-3BD6-96D39A18422F}.Release|Any CPU.Build.0 = Release|Any CPU
	EndGlobalSection
	GlobalSection(SolutionProperties) = preSolution
		HideSolutionNode = FALSE
	EndGlobalSection
							GlobalSection(MonoDevelopProperties) = preSolution
		StartupItem = Assembly-CSharp.csproj
		Policies = $0
		$0.TextStylePolicy = $1
		$1.inheritsSet = null
		$1.scope = text/x-csharp
		$0.CSharpFormattingPolicy = $2
		$2.inheritsSet = Mono
		$2.inheritsScope = text/x-csharp
		$2.scope = text/x-csharp
		$0.TextStylePolicy = $3
		$3.FileWidth = 120
		$3.TabWidth = 4
		$3.EolMarker = Unix
		$3.inheritsSet = Mono
		$3.inheritsScope = text/plain
		$3.scope = text/plain
	EndGlobalSection

EndGlobal
